// !$*UTF8*$!
{
	archiveVersion = 1;
	classes = {
	};
	objectVersion = 48;
	objects = {

/* Begin PBXBuildFile section */
		EA2C547F20654333000BD624 /* AppDelegate.swift in Sources */ = {isa = PBXBuildFile; fileRef = EA2C547E20654333000BD624 /* AppDelegate.swift */; };
		EA2C548120654333000BD624 /* TodolistViewController.swift in Sources */ = {isa = PBXBuildFile; fileRef = EA2C548020654333000BD624 /* TodolistViewController.swift */; };
		EA2C548420654333000BD624 /* Main.storyboard in Resources */ = {isa = PBXBuildFile; fileRef = EA2C548220654333000BD624 /* Main.storyboard */; };
		EA2C548620654333000BD624 /* Assets.xcassets in Resources */ = {isa = PBXBuildFile; fileRef = EA2C548520654333000BD624 /* Assets.xcassets */; };
		EA2C548920654333000BD624 /* LaunchScreen.storyboard in Resources */ = {isa = PBXBuildFile; fileRef = EA2C548720654333000BD624 /* LaunchScreen.storyboard */; };
		EABEC59E206574DC00021FCF /* DataModel.xcdatamodeld in Sources */ = {isa = PBXBuildFile; fileRef = EABEC59C206574DC00021FCF /* DataModel.xcdatamodeld */; };
		EABEC5A02065894E00021FCF /* CategoryTableViewController.swift in Sources */ = {isa = PBXBuildFile; fileRef = EABEC59F2065894E00021FCF /* CategoryTableViewController.swift */; };
/* End PBXBuildFile section */

/* Begin PBXFileReference section */
		EA2C547B20654333000BD624 /* ToDoListSecond.app */ = {isa = PBXFileReference; explicitFileType = wrapper.application; includeInIndex = 0; path = ToDoListSecond.app; sourceTree = BUILT_PRODUCTS_DIR; };
		EA2C547E20654333000BD624 /* AppDelegate.swift */ = {isa = PBXFileReference; lastKnownFileType = sourcecode.swift; path = AppDelegate.swift; sourceTree = "<group>"; };
		EA2C548020654333000BD624 /* TodolistViewController.swift */ = {isa = PBXFileReference; lastKnownFileType = sourcecode.swift; path = TodolistViewController.swift; sourceTree = "<group>"; };
		EA2C548320654333000BD624 /* Base */ = {isa = PBXFileReference; lastKnownFileType = file.storyboard; name = Base; path = Base.lproj/Main.storyboard; sourceTree = "<group>"; };
		EA2C548520654333000BD624 /* Assets.xcassets */ = {isa = PBXFileReference; lastKnownFileType = folder.assetcatalog; path = Assets.xcassets; sourceTree = "<group>"; };
		EA2C548820654333000BD624 /* Base */ = {isa = PBXFileReference; lastKnownFileType = file.storyboard; name = Base; path = Base.lproj/LaunchScreen.storyboard; sourceTree = "<group>"; };
		EA2C548A20654333000BD624 /* Info.plist */ = {isa = PBXFileReference; lastKnownFileType = text.plist.xml; path = Info.plist; sourceTree = "<group>"; };
		EABEC59D206574DC00021FCF /* DataModel.xcdatamodel */ = {isa = PBXFileReference; lastKnownFileType = wrapper.xcdatamodel; path = DataModel.xcdatamodel; sourceTree = "<group>"; };
		EABEC59F2065894E00021FCF /* CategoryTableViewController.swift */ = {isa = PBXFileReference; lastKnownFileType = sourcecode.swift; path = CategoryTableViewController.swift; sourceTree = "<group>"; };
/* End PBXFileReference section */

/* Begin PBXFrameworksBuildPhase section */
		EA2C547820654333000BD624 /* Frameworks */ = {
			isa = PBXFrameworksBuildPhase;
			buildActionMask = 2147483647;
			files = (
			);
			runOnlyForDeploymentPostprocessing = 0;
		};
/* End PBXFrameworksBuildPhase section */

/* Begin PBXGroup section */
		EA2C547220654332000BD624 = {
			isa = PBXGroup;
			children = (
				EA2C547D20654333000BD624 /* ToDoListSecond */,
				EA2C549520654A98000BD624 /* Supports */,
				EA2C547C20654333000BD624 /* Products */,
			);
			sourceTree = "<group>";
		};
		EA2C547C20654333000BD624 /* Products */ = {
			isa = PBXGroup;
			children = (
				EA2C547B20654333000BD624 /* ToDoListSecond.app */,
			);
			name = Products;
			sourceTree = "<group>";
		};
		EA2C547D20654333000BD624 /* ToDoListSecond */ = {
			isa = PBXGroup;
			children = (
				EA2C549420654A7F000BD624 /* Model */,
				EA2C549320654A78000BD624 /* Controller */,
				EA2C549220654A71000BD624 /* View */,
			);
			path = ToDoListSecond;
			sourceTree = "<group>";
		};
		EA2C549220654A71000BD624 /* View */ = {
			isa = PBXGroup;
			children = (
				EA2C548220654333000BD624 /* Main.storyboard */,
				EA2C548720654333000BD624 /* LaunchScreen.storyboard */,
			);
			path = View;
			sourceTree = "<group>";
		};
		EA2C549320654A78000BD624 /* Controller */ = {
			isa = PBXGroup;
			children = (
				EABEC59F2065894E00021FCF /* CategoryTableViewController.swift */,
				EA2C548020654333000BD624 /* TodolistViewController.swift */,
				EA2C547E20654333000BD624 /* AppDelegate.swift */,
			);
			path = Controller;
			sourceTree = "<group>";
		};
		EA2C549420654A7F000BD624 /* Model */ = {
			isa = PBXGroup;
			children = (
				EABEC59C206574DC00021FCF /* DataModel.xcdatamodeld */,
			);
			path = Model;
			sourceTree = "<group>";
		};
		EA2C549520654A98000BD624 /* Supports */ = {
			isa = PBXGroup;
			children = (
				EA2C548520654333000BD624 /* Assets.xcassets */,
				EA2C548A20654333000BD624 /* Info.plist */,
			);
			path = Supports;
			sourceTree = "<group>";
		};
/* End PBXGroup section */

/* Begin PBXNativeTarget section */
		EA2C547A20654333000BD624 /* ToDoListSecond */ = {
			isa = PBXNativeTarget;
			buildConfigurationList = EA2C548D20654333000BD624 /* Build configuration list for PBXNativeTarget "ToDoListSecond" */;
			buildPhases = (
				EA2C547720654333000BD624 /* Sources */,
				EA2C547820654333000BD624 /* Frameworks */,
				EA2C547920654333000BD624 /* Resources */,
			);
			buildRules = (
			);
			dependencies = (
			);
			name = ToDoListSecond;
			productName = ToDoListSecond;
			productReference = EA2C547B20654333000BD624 /* ToDoListSecond.app */;
			productType = "com.apple.product-type.application";
		};
/* End PBXNativeTarget section */

/* Begin PBXProject section */
		EA2C547320654332000BD624 /* Project object */ = {
			isa = PBXProject;
			attributes = {
				LastSwiftUpdateCheck = 0910;
				LastUpgradeCheck = 0910;
				ORGANIZATIONNAME = "Hongbo Niu";
				TargetAttributes = {
					EA2C547A20654333000BD624 = {
						CreatedOnToolsVersion = 9.1;
						ProvisioningStyle = Automatic;
					};
				};
			};
			buildConfigurationList = EA2C547620654333000BD624 /* Build configuration list for PBXProject "ToDoListSecond" */;
			compatibilityVersion = "Xcode 8.0";
			developmentRegion = en;
			hasScannedForEncodings = 0;
			knownRegions = (
				en,
				Base,
			);
			mainGroup = EA2C547220654332000BD624;
			productRefGroup = EA2C547C20654333000BD624 /* Products */;
			projectDirPath = "";
			projectRoot = "";
			targets = (
				EA2C547A20654333000BD624 /* ToDoListSecond */,
			);
		};
/* End PBXProject section */

/* Begin PBXResourcesBuildPhase section */
		EA2C547920654333000BD624 /* Resources */ = {
			isa = PBXResourcesBuildPhase;
			buildActionMask = 2147483647;
			files = (
				EA2C548920654333000BD624 /* LaunchScreen.storyboard in Resources */,
				EA2C548620654333000BD624 /* Assets.xcassets in Resources */,
				EA2C548420654333000BD624 /* Main.storyboard in Resources */,
			);
			runOnlyForDeploymentPostprocessing = 0;
		};
/* End PBXResourcesBuildPhase section */

/* Begin PBXSourcesBuildPhase section */
		EA2C547720654333000BD624 /* Sources */ = {
			isa = PBXSourcesBuildPhase;
			buildActionMask = 2147483647;
			files = (
				EABEC59E206574DC00021FCF /* DataModel.xcdatamodeld in Sources */,
				EA2C548120654333000BD624 /* TodolistViewController.swift in Sources */,
				EA2C547F20654333000BD624 /* AppDelegate.swift in Sources */,
				EABEC5A02065894E00021FCF /* CategoryTableViewController.swift in Sources */,
			);
			runOnlyForDeploymentPostprocessing = 0;
		};
/* End PBXSourcesBuildPhase section */

/* Begin PBXVariantGroup section */
		EA2C548220654333000BD624 /* Main.storyboard */ = {
			isa = PBXVariantGroup;
			children = (
				EA2C548320654333000BD624 /* Base */,
			);
			name = Main.storyboard;
			sourceTree = "<group>";
		};
		EA2C548720654333000BD624 /* LaunchScreen.storyboard */ = {
			isa = PBXVariantGroup;
			children = (
				EA2C548820654333000BD624 /* Base */,
			);
			name = LaunchScreen.storyboard;
			sourceTree = "<group>";
		};
/* End PBXVariantGroup section */

/* Begin XCBuildConfiguration section */
		EA2C548B20654333000BD624 /* Debug */ = {
			isa = XCBuildConfiguration;
			buildSettings = {
				ALWAYS_SEARCH_USER_PATHS = NO;
				CLANG_ANALYZER_NONNULL = YES;
				CLANG_ANALYZER_NUMBER_OBJECT_CONVERSION = YES_AGGRESSIVE;
				CLANG_CXX_LANGUAGE_STANDARD = "gnu++14";
				CLANG_CXX_LIBRARY = "libc++";
				CLANG_ENABLE_MODULES = YES;
				CLANG_ENABLE_OBJC_ARC = YES;
				CLANG_WARN_BLOCK_CAPTURE_AUTORELEASING = YES;
				CLANG_WARN_BOOL_CONVERSION = YES;
				CLANG_WARN_COMMA = YES;
				CLANG_WARN_CONSTANT_CONVERSION = YES;
				CLANG_WARN_DIRECT_OBJC_ISA_USAGE = YES_ERROR;
				CLANG_WARN_DOCUMENTATION_COMMENTS = YES;
				CLANG_WARN_EMPTY_BODY = YES;
				CLANG_WARN_ENUM_CONVERSION = YES;
				CLANG_WARN_INFINITE_RECURSION = YES;
				CLANG_WARN_INT_CONVERSION = YES;
				CLANG_WARN_NON_LITERAL_NULL_CONVERSION = YES;
				CLANG_WARN_OBJC_LITERAL_CONVERSION = YES;
				CLANG_WARN_OBJC_ROOT_CLASS = YES_ERROR;
				CLANG_WARN_RANGE_LOOP_ANALYSIS = YES;
				CLANG_WARN_STRICT_PROTOTYPES = YES;
				CLANG_WARN_SUSPICIOUS_MOVE = YES;
				CLANG_WARN_UNGUARDED_AVAILABILITY = YES_AGGRESSIVE;
				CLANG_WARN_UNREACHABLE_CODE = YES;
				CLANG_WARN__DUPLICATE_METHOD_MATCH = YES;
				CODE_SIGN_IDENTITY = "iPhone Developer";
				COPY_PHASE_STRIP = NO;
				DEBUG_INFORMATION_FORMAT = dwarf;
				ENABLE_STRICT_OBJC_MSGSEND = YES;
				ENABLE_TESTABILITY = YES;
				GCC_C_LANGUAGE_STANDARD = gnu11;
				GCC_DYNAMIC_NO_PIC = NO;
				GCC_NO_COMMON_BLOCKS = YES;
				GCC_OPTIMIZATION_LEVEL = 0;
				GCC_PREPROCESSOR_DEFINITIONS = (
					"DEBUG=1",
					"$(inherited)",
				);
				GCC_WARN_64_TO_32_BIT_CONVERSION = YES;
				GCC_WARN_ABOUT_RETURN_TYPE = YES_ERROR;
				GCC_WARN_UNDECLARED_SELECTOR = YES;
				GCC_WARN_UNINITIALIZED_AUTOS = YES_AGGRESSIVE;
				GCC_WARN_UNUSED_FUNCTION = YES;
				GCC_WARN_UNUSED_VARIABLE = YES;
				IPHONEOS_DEPLOYMENT_TARGET = 11.1;
				MTL_ENABLE_DEBUG_INFO = YES;
				ONLY_ACTIVE_ARCH = YES;
				SDKROOT = iphoneos;
				SWIFT_ACTIVE_COMPILATION_CONDITIONS = DEBUG;
				SWIFT_OPTIMIZATION_LEVEL = "-Onone";
			};
			name = Debug;
		};
		EA2C548C20654333000BD624 /* Release */ = {
			isa = XCBuildConfiguration;
			buildSettings = {
				ALWAYS_SEARCH_USER_PATHS = NO;
				CLANG_ANALYZER_NONNULL = YES;
				CLANG_ANALYZER_NUMBER_OBJECT_CONVERSION = YES_AGGRESSIVE;
				CLANG_CXX_LANGUAGE_STANDARD = "gnu++14";
				CLANG_CXX_LIBRARY = "libc++";
				CLANG_ENABLE_MODULES = YES;
				CLANG_ENABLE_OBJC_ARC = YES;
				CLANG_WARN_BLOCK_CAPTURE_AUTORELEASING = YES;
				CLANG_WARN_BOOL_CONVERSION = YES;
				CLANG_WARN_COMMA = YES;
				CLANG_WARN_CONSTANT_CONVERSION = YES;
				CLANG_WARN_DIRECT_OBJC_ISA_USAGE = YES_ERROR;
				CLANG_WARN_DOCUMENTATION_COMMENTS = YES;
				CLANG_WARN_EMPTY_BODY = YES;
				CLANG_WARN_ENUM_CONVERSION = YES;
				CLANG_WARN_INFINITE_RECURSION = YES;
				CLANG_WARN_INT_CONVERSION = YES;
				CLANG_WARN_NON_LITERAL_NULL_CONVERSION = YES;
				CLANG_WARN_OBJC_LITERAL_CONVERSION = YES;
				CLANG_WARN_OBJC_ROOT_CLASS = YES_ERROR;
				CLANG_WARN_RANGE_LOOP_ANALYSIS = YES;
				CLANG_WARN_STRICT_PROTOTYPES = YES;
				CLANG_WARN_SUSPICIOUS_MOVE = YES;
				CLANG_WARN_UNGUARDED_AVAILABILITY = YES_AGGRESSIVE;
				CLANG_WARN_UNREACHABLE_CODE = YES;
				CLANG_WARN__DUPLICATE_METHOD_MATCH = YES;
				CODE_SIGN_IDENTITY = "iPhone Developer";
				COPY_PHASE_STRIP = NO;
				DEBUG_INFORMATION_FORMAT = "dwarf-with-dsym";
				ENABLE_NS_ASSERTIONS = NO;
				ENABLE_STRICT_OBJC_MSGSEND = YES;
				GCC_C_LANGUAGE_STANDARD = gnu11;
				GCC_NO_COMMON_BLOCKS = YES;
				GCC_WARN_64_TO_32_BIT_CONVERSION = YES;
				GCC_WARN_ABOUT_RETURN_TYPE = YES_ERROR;
				GCC_WARN_UNDECLARED_SELECTOR = YES;
				GCC_WARN_UNINITIALIZED_AUTOS = YES_AGGRESSIVE;
				GCC_WARN_UNUSED_FUNCTION = YES;
				GCC_WARN_UNUSED_VARIABLE = YES;
				IPHONEOS_DEPLOYMENT_TARGET = 11.1;
				MTL_ENABLE_DEBUG_INFO = NO;
				SDKROOT = iphoneos;
				SWIFT_OPTIMIZATION_LEVEL = "-Owholemodule";
				VALIDATE_PRODUCT = YES;
			};
			name = Release;
		};
		EA2C548E20654333000BD624 /* Debug */ = {
			isa = XCBuildConfiguration;
			buildSettings = {
				ASSETCATALOG_COMPILER_APPICON_NAME = AppIcon;
				CODE_SIGN_STYLE = Automatic;
				DEVELOPMENT_TEAM = KG5538YDGJ;
				INFOPLIST_FILE = "$(SRCROOT)/Supports/Info.plist";
				IPHONEOS_DEPLOYMENT_TARGET = 11.1;
				LD_RUNPATH_SEARCH_PATHS = "$(inherited) @executable_path/Frameworks";
				PRODUCT_BUNDLE_IDENTIFIER = com.xiaoweichen.ToDoListSecond;
				PRODUCT_NAME = "$(TARGET_NAME)";
				SWIFT_VERSION = 4.0;
				TARGETED_DEVICE_FAMILY = "1,2";
			};
			name = Debug;
		};
		EA2C548F20654333000BD624 /* Release */ = {
			isa = XCBuildConfiguration;
			buildSettings = {
				ASSETCATALOG_COMPILER_APPICON_NAME = AppIcon;
				CODE_SIGN_STYLE = Automatic;
				DEVELOPMENT_TEAM = KG5538YDGJ;
				INFOPLIST_FILE = "$(SRCROOT)/Supports/Info.plist";
				IPHONEOS_DEPLOYMENT_TARGET = 11.1;
				LD_RUNPATH_SEARCH_PATHS = "$(inherited) @executable_path/Frameworks";
				PRODUCT_BUNDLE_IDENTIFIER = com.xiaoweichen.ToDoListSecond;
				PRODUCT_NAME = "$(TARGET_NAME)";
				SWIFT_VERSION = 4.0;
				TARGETED_DEVICE_FAMILY = "1,2";
			};
			name = Release;
		};
/* End XCBuildConfiguration section */

/* Begin XCConfigurationList section */
		EA2C547620654333000BD624 /* Build configuration list for PBXProject "ToDoListSecond" */ = {
			isa = XCConfigurationList;
			buildConfigurations = (
				EA2C548B20654333000BD624 /* Debug */,
				EA2C548C20654333000BD624 /* Release */,
			);
			defaultConfigurationIsVisible = 0;
			defaultConfigurationName = Release;
		};
		EA2C548D20654333000BD624 /* Build configuration list for PBXNativeTarget "ToDoListSecond" */ = {
			isa = XCConfigurationList;
			buildConfigurations = (
				EA2C548E20654333000BD624 /* Debug */,
				EA2C548F20654333000BD624 /* Release */,
			);
			defaultConfigurationIsVisible = 0;
			defaultConfigurationName = Release;
		};
/* End XCConfigurationList section */

/* Begin XCVersionGroup section */
		EABEC59C206574DC00021FCF /* DataModel.xcdatamodeld */ = {
			isa = XCVersionGroup;
			children = (
				EABEC59D206574DC00021FCF /* DataModel.xcdatamodel */,
			);
			currentVersion = EABEC59D206574DC00021FCF /* DataModel.xcdatamodel */;
			path = DataModel.xcdatamodeld;
			sourceTree = "<group>";
			versionGroupType = wrapper.xcdatamodel;
		};
/* End XCVersionGroup section */
	};
	rootObject = EA2C547320654332000BD624 /* Project object */;
}
